
Microsoft Visual Studio Solution File, Format Version 12.00
# Visual Studio 15
VisualStudioVersion = 15.0.28010.2041
MinimumVisualStudioVersion = 10.0.40219.1
Project("{9A19103F-16F7-4668-BE54-9A1E7A4F7556}") = "BlogEngine.Client", "BlogEngine.Client\BlogEngine.Client.csproj", "{BBC23D09-4783-4E52-B563-A33131F70CD0}"
EndProject
Project("{9A19103F-16F7-4668-BE54-9A1E7A4F7556}") = "BlogEngine.Models", "BlogEngine.Models\BlogEngine.Models.csproj", "{D04F157F-89BE-4503-A975-B61A3090CDB0}"
EndProject
Project("{9A19103F-16F7-4668-BE54-9A1E7A4F7556}") = "BlogEngine.Repository", "BlogEngine.Repository\BlogEngine.Repository.csproj", "{F43F7EBF-601C-4A98-BAAC-7CE02358091C}"
EndProject
Project("{2150E333-8FDC-42A3-9474-1A3956D46DE8}") = "UnitTests", "UnitTests", "{34DB5477-934F-4123-830A-CCCE0B0BF740}"
EndProject
Project("{9A19103F-16F7-4668-BE54-9A1E7A4F7556}") = "BlogEngine.Services", "BlogEngine.Services\BlogEngine.Services.csproj", "{83A2933F-E3A2-4D5C-9BB7-A563B2844B24}"
EndProject
Project("{9A19103F-16F7-4668-BE54-9A1E7A4F7556}") = "BlogEngine.Core", "BlogEngine.Core\BlogEngine.Core.csproj", "{1494D633-B725-4F86-A666-8F3DF590D37E}"
EndProject
Project("{2150E333-8FDC-42A3-9474-1A3956D46DE8}") = "BlogEngine.Admin", "BlogEngine.Admin", "{EC938322-A7C7-4D96-94A5-A3333746E5B1}"
EndProject
Global
	GlobalSection(SolutionConfigurationPlatforms) = preSolution
		Debug|Any CPU = Debug|Any CPU
		Release|Any CPU = Release|Any CPU
	EndGlobalSection
	GlobalSection(ProjectConfigurationPlatforms) = postSolution
		{BBC23D09-4783-4E52-B563-A33131F70CD0}.Debug|Any CPU.ActiveCfg = Debug|Any CPU
		{BBC23D09-4783-4E52-B563-A33131F70CD0}.Debug|Any CPU.Build.0 = Debug|Any CPU
		{BBC23D09-4783-4E52-B563-A33131F70CD0}.Release|Any CPU.ActiveCfg = Release|Any CPU
		{BBC23D09-4783-4E52-B563-A33131F70CD0}.Release|Any CPU.Build.0 = Release|Any CPU
		{D04F157F-89BE-4503-A975-B61A3090CDB0}.Debug|Any CPU.ActiveCfg = Debug|Any CPU
		{D04F157F-89BE-4503-A975-B61A3090CDB0}.Debug|Any CPU.Build.0 = Debug|Any CPU
		{D04F157F-89BE-4503-A975-B61A3090CDB0}.Release|Any CPU.ActiveCfg = Release|Any CPU
		{D04F157F-89BE-4503-A975-B61A3090CDB0}.Release|Any CPU.Build.0 = Release|Any CPU
		{F43F7EBF-601C-4A98-BAAC-7CE02358091C}.Debug|Any CPU.ActiveCfg = Debug|Any CPU
		{F43F7EBF-601C-4A98-BAAC-7CE02358091C}.Debug|Any CPU.Build.0 = Debug|Any CPU
		{F43F7EBF-601C-4A98-BAAC-7CE02358091C}.Release|Any CPU.ActiveCfg = Release|Any CPU
		{F43F7EBF-601C-4A98-BAAC-7CE02358091C}.Release|Any CPU.Build.0 = Release|Any CPU
		{83A2933F-E3A2-4D5C-9BB7-A563B2844B24}.Debug|Any CPU.ActiveCfg = Debug|Any CPU
		{83A2933F-E3A2-4D5C-9BB7-A563B2844B24}.Debug|Any CPU.Build.0 = Debug|Any CPU
		{83A2933F-E3A2-4D5C-9BB7-A563B2844B24}.Release|Any CPU.ActiveCfg = Release|Any CPU
		{83A2933F-E3A2-4D5C-9BB7-A563B2844B24}.Release|Any CPU.Build.0 = Release|Any CPU
		{1494D633-B725-4F86-A666-8F3DF590D37E}.Debug|Any CPU.ActiveCfg = Debug|Any CPU
		{1494D633-B725-4F86-A666-8F3DF590D37E}.Debug|Any CPU.Build.0 = Debug|Any CPU
		{1494D633-B725-4F86-A666-8F3DF590D37E}.Release|Any CPU.ActiveCfg = Release|Any CPU
		{1494D633-B725-4F86-A666-8F3DF590D37E}.Release|Any CPU.Build.0 = Release|Any CPU
	EndGlobalSection
	GlobalSection(SolutionProperties) = preSolution
		HideSolutionNode = FALSE
	EndGlobalSection
	GlobalSection(ExtensibilityGlobals) = postSolution
		SolutionGuid = {75C1B416-8801-4FE1-A1B8-1B6E9FC90FE1}
	EndGlobalSection
EndGlobal
